{
  "requires": true,
  "lockfileVersion": 1,
  "dependencies": {
    "mobx": {
      "version": "5.15.5",
      "resolved": "https://registry.npmjs.org/mobx/-/mobx-5.15.5.tgz",
      "integrity": "sha512-hzk17T+/IIYLPWClRcfoA6Q5aZhFpDCr1oh8RZzu+esWP77IX/lS0V/Ee1Np+aOPKFfbSInF0reHH0L/aFfSrw==",
      "dev": true
    },
    "mobx-react-lite": {
      "version": "2.0.7",
      "resolved": "https://registry.npmjs.org/mobx-react-lite/-/mobx-react-lite-2.0.7.tgz",
      "integrity": "sha512-YKAh2gThC6WooPnVZCoC+rV1bODAKFwkhxikzgH18wpBjkgTkkR9Sb0IesQAH5QrAEH/JQVmy47jcpQkf2Au3Q==",
      "dev": true
    }
  }
}
